
Microsoft Visual Studio Solution File, Format Version 12.00
# Visual Studio 2012
Project("{FAE04EC0-301F-11D3-BF4B-00C04F79EFBC}") = "ecsc", "ecsc\ecsc.csproj", "{ED89870C-B5B0-4012-B0E1-2AB28FB4C4FE}"
EndProject
Project("{FAE04EC0-301F-11D3-BF4B-00C04F79EFBC}") = "Flame.Ecs", "Flame.Ecs\Flame.Ecs.csproj", "{DB650664-CFE1-42BC-969B-FEB22B028378}"
EndProject
Global
	GlobalSection(SolutionConfigurationPlatforms) = preSolution
		Debug|x86 = Debug|x86
		Release|x86 = Release|x86
	EndGlobalSection
	GlobalSection(ProjectConfigurationPlatforms) = postSolution
		{DB650664-CFE1-42BC-969B-FEB22B028378}.Debug|x86.ActiveCfg = Debug|Any CPU
		{DB650664-CFE1-42BC-969B-FEB22B028378}.Debug|x86.Build.0 = Debug|Any CPU
		{DB650664-CFE1-42BC-969B-FEB22B028378}.Release|x86.ActiveCfg = Release|Any CPU
		{DB650664-CFE1-42BC-969B-FEB22B028378}.Release|x86.Build.0 = Release|Any CPU
		{ED89870C-B5B0-4012-B0E1-2AB28FB4C4FE}.Debug|x86.ActiveCfg = Debug|x86
		{ED89870C-B5B0-4012-B0E1-2AB28FB4C4FE}.Debug|x86.Build.0 = Debug|x86
		{ED89870C-B5B0-4012-B0E1-2AB28FB4C4FE}.Release|x86.ActiveCfg = Release|x86
		{ED89870C-B5B0-4012-B0E1-2AB28FB4C4FE}.Release|x86.Build.0 = Release|x86
	EndGlobalSection
EndGlobal
