
Microsoft Visual Studio Solution File, Format Version 12.00
# Visual Studio 2012
Project("{FAE04EC0-301F-11D3-BF4B-00C04F79EFBC}") = "ecsc", "ecsc/ecsc.csproj", "{ED89870C-B5B0-4012-B0E1-2AB28FB4C4FE}"
EndProject
Global
	GlobalSection(SolutionConfigurationPlatforms) = preSolution
		Debug|x86 = Debug|x86
		Release|x86 = Release|x86
	EndGlobalSection
	GlobalSection(ProjectConfigurationPlatforms) = postSolution
		{ED89870C-B5B0-4012-B0E1-2AB28FB4C4FE}.Debug|x86.ActiveCfg = Debug|x86
		{ED89870C-B5B0-4012-B0E1-2AB28FB4C4FE}.Debug|x86.Build.0 = Debug|x86
		{ED89870C-B5B0-4012-B0E1-2AB28FB4C4FE}.Release|x86.ActiveCfg = Release|x86
		{ED89870C-B5B0-4012-B0E1-2AB28FB4C4FE}.Release|x86.Build.0 = Release|x86
	EndGlobalSection
EndGlobal
